# This file is autogenerated, do not edit; changes may be undone by the next 'dep ensure'.


[[projects]]
  digest = "1:97df918963298c287643883209a2c3f642e6593379f97ab400c2a2e219ab647d"
  name = "github.com/golang/protobuf"
  packages = ["proto"]
  pruneopts = "UT"
  revision = "aa810b61a9c79d51363740d207bb46cf8e620ed5"
  version = "v1.2.0"

[[projects]]
  branch = "master"
  digest = "1:00e652c657d023daa11b76b3d7e735bd9dec92cf470d3cb83dcc92d3c92a117f"
  name = "github.com/hwsc-org/hwsc-api-blocks"
  packages = ["lib"]
  pruneopts = "UT"
  revision = "1729749fa868a1152434fea9bede5c9fb2a50835"

[[projects]]
  digest = "1:4f5513cb656b73fb4c4f77ccd482c8366d6290278564d2b1d3285f45e45f4a1e"
  name = "github.com/oklog/ulid"
  packages = ["."]
  pruneopts = "UT"
  revision = "02a8604050d8466dd915307496174adb9be4593a"
  version = "v1.3.1"

[solve-meta]
  analyzer-name = "dep"
  analyzer-version = 1
  input-imports = [
    "github.com/hwsc-org/hwsc-api-blocks/lib",
    "github.com/oklog/ulid",
  ]
  solver-name = "gps-cdcl"
  solver-version = 1
