# This file is autogenerated, do not edit; changes may be undone by the next 'dep ensure'.


[[projects]]
  digest = "1:97df918963298c287643883209a2c3f642e6593379f97ab400c2a2e219ab647d"
  name = "github.com/golang/protobuf"
  packages = ["proto"]
  pruneopts = "UT"
  revision = "aa810b61a9c79d51363740d207bb46cf8e620ed5"
  version = "v1.2.0"

[[projects]]
  branch = "master"
  digest = "1:984ad477d84221acf5aef3e7cbb837afa957386b8c5edf84460ec4adb9935e7f"
  name = "github.com/hwsc-org/hwsc-api-blocks"
  packages = ["lib"]
  pruneopts = "UT"
  revision = "58054f93b29d5c362a568b8804f21d798f455c20"

[solve-meta]
  analyzer-name = "dep"
  analyzer-version = 1
  input-imports = ["github.com/hwsc-org/hwsc-api-blocks/lib"]
  solver-name = "gps-cdcl"
  solver-version = 1
